// !$*UTF8*$!
{
	archiveVersion = 1;
	classes = {
	};
	objectVersion = 51;
	objects = {

/* Begin PBXBuildFile section */
		080CC0ACEAE63084A454F932 /* Pods_ToDoListCoreData.framework in Frameworks */ = {isa = PBXBuildFile; fileRef = EC0C058A465F91F761B6906B /* Pods_ToDoListCoreData.framework */; };
		B102D4202602790400C2A9DA /* AuthViewController.swift in Sources */ = {isa = PBXBuildFile; fileRef = B102D41F2602790400C2A9DA /* AuthViewController.swift */; };
		B102D42326034C0800C2A9DA /* WelcomViewController.swift in Sources */ = {isa = PBXBuildFile; fileRef = B102D42226034C0800C2A9DA /* WelcomViewController.swift */; };
		B114CD8E260C7D0D00662D70 /* DesignableView.swift in Sources */ = {isa = PBXBuildFile; fileRef = B114CD8D260C7D0D00662D70 /* DesignableView.swift */; };
		B1201DB9260F41ED00273F36 /* TableViewCell.swift in Sources */ = {isa = PBXBuildFile; fileRef = B1201DB7260F41ED00273F36 /* TableViewCell.swift */; };
		B1201DBA260F41EE00273F36 /* TableViewCell.xib in Resources */ = {isa = PBXBuildFile; fileRef = B1201DB8260F41ED00273F36 /* TableViewCell.xib */; };
		B139B8A525F0A87B005EF044 /* AppDelegate.swift in Sources */ = {isa = PBXBuildFile; fileRef = B139B8A425F0A87B005EF044 /* AppDelegate.swift */; };
		B139B8A725F0A87B005EF044 /* SceneDelegate.swift in Sources */ = {isa = PBXBuildFile; fileRef = B139B8A625F0A87B005EF044 /* SceneDelegate.swift */; };
		B139B8AC25F0A87B005EF044 /* Main.storyboard in Resources */ = {isa = PBXBuildFile; fileRef = B139B8AA25F0A87B005EF044 /* Main.storyboard */; };
		B139B8AF25F0A87B005EF044 /* ToDoListCoreData.xcdatamodeld in Sources */ = {isa = PBXBuildFile; fileRef = B139B8AD25F0A87B005EF044 /* ToDoListCoreData.xcdatamodeld */; };
		B139B8B125F0A87D005EF044 /* Assets.xcassets in Resources */ = {isa = PBXBuildFile; fileRef = B139B8B025F0A87D005EF044 /* Assets.xcassets */; };
		B139B8B425F0A87D005EF044 /* LaunchScreen.storyboard in Resources */ = {isa = PBXBuildFile; fileRef = B139B8B225F0A87D005EF044 /* LaunchScreen.storyboard */; };
		B139B8BD25F0AA87005EF044 /* README.md in Resources */ = {isa = PBXBuildFile; fileRef = B139B8BC25F0AA87005EF044 /* README.md */; };
		B139B8C025F0AA99005EF044 /* TableViewController.swift in Sources */ = {isa = PBXBuildFile; fileRef = B139B8BF25F0AA99005EF044 /* TableViewController.swift */; };
		B139B8C325F0AAB3005EF044 /* Model.swift in Sources */ = {isa = PBXBuildFile; fileRef = B139B8C225F0AAB3005EF044 /* Model.swift */; };
		B175374125FF83B700BD2B17 /* FIRFirestoreService.swift in Sources */ = {isa = PBXBuildFile; fileRef = B175374025FF83B700BD2B17 /* FIRFirestoreService.swift */; };
		B175374825FF86FC00BD2B17 /* GoogleService-Info.plist in Resources */ = {isa = PBXBuildFile; fileRef = B175374725FF86FC00BD2B17 /* GoogleService-Info.plist */; };
		B175374B25FFA99600BD2B17 /* SettingsViewController.swift in Sources */ = {isa = PBXBuildFile; fileRef = B175374A25FFA99600BD2B17 /* SettingsViewController.swift */; };
		B17BB026260B064100B12AF4 /* TabBarController.swift in Sources */ = {isa = PBXBuildFile; fileRef = B17BB025260B064100B12AF4 /* TabBarController.swift */; };
		B19EBBE52609BA39004E59DD /* Extensions.swift in Sources */ = {isa = PBXBuildFile; fileRef = B19EBBE42609BA39004E59DD /* Extensions.swift */; };
		B1EC2FA125F267B9001EC3FE /* User+CoreDataClass.swift in Sources */ = {isa = PBXBuildFile; fileRef = B1EC2F9D25F267B8001EC3FE /* User+CoreDataClass.swift */; };
		B1EC2FA225F267B9001EC3FE /* User+CoreDataProperties.swift in Sources */ = {isa = PBXBuildFile; fileRef = B1EC2F9E25F267B8001EC3FE /* User+CoreDataProperties.swift */; };
		B1EC2FA325F267B9001EC3FE /* Tasks+CoreDataClass.swift in Sources */ = {isa = PBXBuildFile; fileRef = B1EC2F9F25F267B8001EC3FE /* Tasks+CoreDataClass.swift */; };
		B1EC2FA425F267B9001EC3FE /* Tasks+CoreDataProperties.swift in Sources */ = {isa = PBXBuildFile; fileRef = B1EC2FA025F267B8001EC3FE /* Tasks+CoreDataProperties.swift */; };
		B1EC2FB325F2A003001EC3FE /* OneTaskViewController.swift in Sources */ = {isa = PBXBuildFile; fileRef = B1EC2FB225F2A003001EC3FE /* OneTaskViewController.swift */; };
/* End PBXBuildFile section */

/* Begin PBXFileReference section */
		50308018CC700A123462F4C1 /* Pods-ToDoListCoreData.release.xcconfig */ = {isa = PBXFileReference; includeInIndex = 1; lastKnownFileType = text.xcconfig; name = "Pods-ToDoListCoreData.release.xcconfig"; path = "Target Support Files/Pods-ToDoListCoreData/Pods-ToDoListCoreData.release.xcconfig"; sourceTree = "<group>"; };
		B102D41F2602790400C2A9DA /* AuthViewController.swift */ = {isa = PBXFileReference; lastKnownFileType = sourcecode.swift; path = AuthViewController.swift; sourceTree = "<group>"; };
		B102D42226034C0800C2A9DA /* WelcomViewController.swift */ = {isa = PBXFileReference; lastKnownFileType = sourcecode.swift; path = WelcomViewController.swift; sourceTree = "<group>"; };
		B114CD8D260C7D0D00662D70 /* DesignableView.swift */ = {isa = PBXFileReference; lastKnownFileType = sourcecode.swift; path = DesignableView.swift; sourceTree = "<group>"; };
		B1201DB7260F41ED00273F36 /* TableViewCell.swift */ = {isa = PBXFileReference; lastKnownFileType = sourcecode.swift; path = TableViewCell.swift; sourceTree = "<group>"; };
		B1201DB8260F41ED00273F36 /* TableViewCell.xib */ = {isa = PBXFileReference; lastKnownFileType = file.xib; path = TableViewCell.xib; sourceTree = "<group>"; };
		B139B8A125F0A87B005EF044 /* ToDoListCoreData.app */ = {isa = PBXFileReference; explicitFileType = wrapper.application; includeInIndex = 0; path = ToDoListCoreData.app; sourceTree = BUILT_PRODUCTS_DIR; };
		B139B8A425F0A87B005EF044 /* AppDelegate.swift */ = {isa = PBXFileReference; lastKnownFileType = sourcecode.swift; path = AppDelegate.swift; sourceTree = "<group>"; };
		B139B8A625F0A87B005EF044 /* SceneDelegate.swift */ = {isa = PBXFileReference; lastKnownFileType = sourcecode.swift; path = SceneDelegate.swift; sourceTree = "<group>"; };
		B139B8AB25F0A87B005EF044 /* Base */ = {isa = PBXFileReference; lastKnownFileType = file.storyboard; name = Base; path = Base.lproj/Main.storyboard; sourceTree = "<group>"; };
		B139B8AE25F0A87B005EF044 /* ToDoListCoreData.xcdatamodel */ = {isa = PBXFileReference; lastKnownFileType = wrapper.xcdatamodel; path = ToDoListCoreData.xcdatamodel; sourceTree = "<group>"; };
		B139B8B025F0A87D005EF044 /* Assets.xcassets */ = {isa = PBXFileReference; lastKnownFileType = folder.assetcatalog; path = Assets.xcassets; sourceTree = "<group>"; };
		B139B8B325F0A87D005EF044 /* Base */ = {isa = PBXFileReference; lastKnownFileType = file.storyboard; name = Base; path = Base.lproj/LaunchScreen.storyboard; sourceTree = "<group>"; };
		B139B8B525F0A87D005EF044 /* Info.plist */ = {isa = PBXFileReference; lastKnownFileType = text.plist.xml; path = Info.plist; sourceTree = "<group>"; };
		B139B8BC25F0AA87005EF044 /* README.md */ = {isa = PBXFileReference; fileEncoding = 4; lastKnownFileType = net.daringfireball.markdown; path = README.md; sourceTree = "<group>"; };
		B139B8BF25F0AA99005EF044 /* TableViewController.swift */ = {isa = PBXFileReference; fileEncoding = 4; lastKnownFileType = sourcecode.swift; path = TableViewController.swift; sourceTree = "<group>"; };
		B139B8C225F0AAB3005EF044 /* Model.swift */ = {isa = PBXFileReference; fileEncoding = 4; lastKnownFileType = sourcecode.swift; path = Model.swift; sourceTree = "<group>"; };
		B175374025FF83B700BD2B17 /* FIRFirestoreService.swift */ = {isa = PBXFileReference; lastKnownFileType = sourcecode.swift; path = FIRFirestoreService.swift; sourceTree = "<group>"; };
		B175374725FF86FC00BD2B17 /* GoogleService-Info.plist */ = {isa = PBXFileReference; fileEncoding = 4; lastKnownFileType = text.plist.xml; path = "GoogleService-Info.plist"; sourceTree = "<group>"; };
		B175374A25FFA99600BD2B17 /* SettingsViewController.swift */ = {isa = PBXFileReference; lastKnownFileType = sourcecode.swift; path = SettingsViewController.swift; sourceTree = "<group>"; };
		B17BB025260B064100B12AF4 /* TabBarController.swift */ = {isa = PBXFileReference; lastKnownFileType = sourcecode.swift; path = TabBarController.swift; sourceTree = "<group>"; };
		B19EBBE42609BA39004E59DD /* Extensions.swift */ = {isa = PBXFileReference; lastKnownFileType = sourcecode.swift; path = Extensions.swift; sourceTree = "<group>"; };
		B1EC2F9D25F267B8001EC3FE /* User+CoreDataClass.swift */ = {isa = PBXFileReference; lastKnownFileType = sourcecode.swift; path = "User+CoreDataClass.swift"; sourceTree = "<group>"; };
		B1EC2F9E25F267B8001EC3FE /* User+CoreDataProperties.swift */ = {isa = PBXFileReference; lastKnownFileType = sourcecode.swift; path = "User+CoreDataProperties.swift"; sourceTree = "<group>"; };
		B1EC2F9F25F267B8001EC3FE /* Tasks+CoreDataClass.swift */ = {isa = PBXFileReference; lastKnownFileType = sourcecode.swift; path = "Tasks+CoreDataClass.swift"; sourceTree = "<group>"; };
		B1EC2FA025F267B8001EC3FE /* Tasks+CoreDataProperties.swift */ = {isa = PBXFileReference; lastKnownFileType = sourcecode.swift; path = "Tasks+CoreDataProperties.swift"; sourceTree = "<group>"; };
		B1EC2FB225F2A003001EC3FE /* OneTaskViewController.swift */ = {isa = PBXFileReference; lastKnownFileType = sourcecode.swift; path = OneTaskViewController.swift; sourceTree = "<group>"; };
		C14E2DBD8AC2D28F3D057176 /* Pods-ToDoListCoreData.debug.xcconfig */ = {isa = PBXFileReference; includeInIndex = 1; lastKnownFileType = text.xcconfig; name = "Pods-ToDoListCoreData.debug.xcconfig"; path = "Target Support Files/Pods-ToDoListCoreData/Pods-ToDoListCoreData.debug.xcconfig"; sourceTree = "<group>"; };
		EC0C058A465F91F761B6906B /* Pods_ToDoListCoreData.framework */ = {isa = PBXFileReference; explicitFileType = wrapper.framework; includeInIndex = 0; path = Pods_ToDoListCoreData.framework; sourceTree = BUILT_PRODUCTS_DIR; };
/* End PBXFileReference section */

/* Begin PBXFrameworksBuildPhase section */
		B139B89E25F0A87B005EF044 /* Frameworks */ = {
			isa = PBXFrameworksBuildPhase;
			buildActionMask = 2147483647;
			files = (
				080CC0ACEAE63084A454F932 /* Pods_ToDoListCoreData.framework in Frameworks */,
			);
			runOnlyForDeploymentPostprocessing = 0;
		};
/* End PBXFrameworksBuildPhase section */

/* Begin PBXGroup section */
		324B710C7A4B89ECEC43CC11 /* Frameworks */ = {
			isa = PBXGroup;
			children = (
				EC0C058A465F91F761B6906B /* Pods_ToDoListCoreData.framework */,
			);
			name = Frameworks;
			sourceTree = "<group>";
		};
		6D901293A25D45CA047F230A /* Pods */ = {
			isa = PBXGroup;
			children = (
				C14E2DBD8AC2D28F3D057176 /* Pods-ToDoListCoreData.debug.xcconfig */,
				50308018CC700A123462F4C1 /* Pods-ToDoListCoreData.release.xcconfig */,
			);
			path = Pods;
			sourceTree = "<group>";
		};
		B139B89825F0A87B005EF044 = {
			isa = PBXGroup;
			children = (
				B139B8BC25F0AA87005EF044 /* README.md */,
				B139B8A325F0A87B005EF044 /* ToDoListCoreData */,
				B139B8A225F0A87B005EF044 /* Products */,
				6D901293A25D45CA047F230A /* Pods */,
				324B710C7A4B89ECEC43CC11 /* Frameworks */,
			);
			sourceTree = "<group>";
		};
		B139B8A225F0A87B005EF044 /* Products */ = {
			isa = PBXGroup;
			children = (
				B139B8A125F0A87B005EF044 /* ToDoListCoreData.app */,
			);
			name = Products;
			sourceTree = "<group>";
		};
		B139B8A325F0A87B005EF044 /* ToDoListCoreData */ = {
			isa = PBXGroup;
			children = (
				B102D41F2602790400C2A9DA /* AuthViewController.swift */,
				B114CD8D260C7D0D00662D70 /* DesignableView.swift */,
				B102D42226034C0800C2A9DA /* WelcomViewController.swift */,
				B148DE852606360E00829D1A /* Application */,
				B148DE89260636B800829D1A /* API */,
				B148DE88260636B000829D1A /* Core */,
				B19EBBE22609B9CE004E59DD /* Utility */,
				B175374A25FFA99600BD2B17 /* SettingsViewController.swift */,
				B139B8AA25F0A87B005EF044 /* Main.storyboard */,
				B1201DB7260F41ED00273F36 /* TableViewCell.swift */,
				B1201DB8260F41ED00273F36 /* TableViewCell.xib */,
				B139B8B025F0A87D005EF044 /* Assets.xcassets */,
				B139B8B225F0A87D005EF044 /* LaunchScreen.storyboard */,
				B139B8B525F0A87D005EF044 /* Info.plist */,
				B175374725FF86FC00BD2B17 /* GoogleService-Info.plist */,
				B17BB025260B064100B12AF4 /* TabBarController.swift */,
				B139B8BF25F0AA99005EF044 /* TableViewController.swift */,
				B139B8AD25F0A87B005EF044 /* ToDoListCoreData.xcdatamodeld */,
				B1EC2FB225F2A003001EC3FE /* OneTaskViewController.swift */,
			);
			path = ToDoListCoreData;
			sourceTree = "<group>";
		};
		B148DE852606360E00829D1A /* Application */ = {
			isa = PBXGroup;
			children = (
				B139B8A425F0A87B005EF044 /* AppDelegate.swift */,
				B139B8A625F0A87B005EF044 /* SceneDelegate.swift */,
			);
			path = Application;
			sourceTree = "<group>";
		};
		B148DE88260636B000829D1A /* Core */ = {
			isa = PBXGroup;
			children = (
				B1EC2FA625F267F5001EC3FE /* Tasks */,
				B1EC2FA825F26805001EC3FE /* User */,
				B139B8C225F0AAB3005EF044 /* Model.swift */,
			);
			path = Core;
			sourceTree = "<group>";
		};
		B148DE89260636B800829D1A /* API */ = {
			isa = PBXGroup;
			children = (
				B175374025FF83B700BD2B17 /* FIRFirestoreService.swift */,
				B148DE8A260636DE00829D1A /* Models */,
				B148DE8B260636F100829D1A /* Services */,
			);
			path = API;
			sourceTree = "<group>";
		};
		B148DE8A260636DE00829D1A /* Models */ = {
			isa = PBXGroup;
			children = (
			);
			path = Models;
			sourceTree = "<group>";
		};
		B148DE8B260636F100829D1A /* Services */ = {
			isa = PBXGroup;
			children = (
			);
			path = Services;
			sourceTree = "<group>";
		};
		B19EBBE22609B9CE004E59DD /* Utility */ = {
			isa = PBXGroup;
			children = (
				B19EBBE42609BA39004E59DD /* Extensions.swift */,
			);
			path = Utility;
			sourceTree = "<group>";
		};
		B1EC2FA625F267F5001EC3FE /* Tasks */ = {
			isa = PBXGroup;
			children = (
				B1EC2F9F25F267B8001EC3FE /* Tasks+CoreDataClass.swift */,
				B1EC2FA025F267B8001EC3FE /* Tasks+CoreDataProperties.swift */,
			);
			path = Tasks;
			sourceTree = "<group>";
		};
		B1EC2FA825F26805001EC3FE /* User */ = {
			isa = PBXGroup;
			children = (
				B1EC2F9D25F267B8001EC3FE /* User+CoreDataClass.swift */,
				B1EC2F9E25F267B8001EC3FE /* User+CoreDataProperties.swift */,
			);
			path = User;
			sourceTree = "<group>";
		};
/* End PBXGroup section */

/* Begin PBXNativeTarget section */
		B139B8A025F0A87B005EF044 /* ToDoListCoreData */ = {
			isa = PBXNativeTarget;
			buildConfigurationList = B139B8B825F0A87D005EF044 /* Build configuration list for PBXNativeTarget "ToDoListCoreData" */;
			buildPhases = (
				E33FC5FFAE88C5B5C00FAD05 /* [CP] Check Pods Manifest.lock */,
				B139B89D25F0A87B005EF044 /* Sources */,
				B139B89E25F0A87B005EF044 /* Frameworks */,
				B139B89F25F0A87B005EF044 /* Resources */,
				4218D297718FFA2D2AF8FBEE /* [CP] Embed Pods Frameworks */,
			);
			buildRules = (
			);
			dependencies = (
			);
			name = ToDoListCoreData;
			productName = ToDoListCoreData;
			productReference = B139B8A125F0A87B005EF044 /* ToDoListCoreData.app */;
			productType = "com.apple.product-type.application";
		};
/* End PBXNativeTarget section */

/* Begin PBXProject section */
		B139B89925F0A87B005EF044 /* Project object */ = {
			isa = PBXProject;
			attributes = {
				LastSwiftUpdateCheck = 1240;
				LastUpgradeCheck = 1240;
				TargetAttributes = {
					B139B8A025F0A87B005EF044 = {
						CreatedOnToolsVersion = 12.4;
					};
				};
			};
			buildConfigurationList = B139B89C25F0A87B005EF044 /* Build configuration list for PBXProject "ToDoListCoreData" */;
			compatibilityVersion = "Xcode 9.3";
			developmentRegion = en;
			hasScannedForEncodings = 0;
			knownRegions = (
				en,
				Base,
			);
			mainGroup = B139B89825F0A87B005EF044;
			productRefGroup = B139B8A225F0A87B005EF044 /* Products */;
			projectDirPath = "";
			projectRoot = "";
			targets = (
				B139B8A025F0A87B005EF044 /* ToDoListCoreData */,
			);
		};
/* End PBXProject section */

/* Begin PBXResourcesBuildPhase section */
		B139B89F25F0A87B005EF044 /* Resources */ = {
			isa = PBXResourcesBuildPhase;
			buildActionMask = 2147483647;
			files = (
				B139B8B425F0A87D005EF044 /* LaunchScreen.storyboard in Resources */,
				B1201DBA260F41EE00273F36 /* TableViewCell.xib in Resources */,
				B139B8B125F0A87D005EF044 /* Assets.xcassets in Resources */,
				B175374825FF86FC00BD2B17 /* GoogleService-Info.plist in Resources */,
				B139B8BD25F0AA87005EF044 /* README.md in Resources */,
				B139B8AC25F0A87B005EF044 /* Main.storyboard in Resources */,
			);
			runOnlyForDeploymentPostprocessing = 0;
		};
/* End PBXResourcesBuildPhase section */

/* Begin PBXShellScriptBuildPhase section */
		4218D297718FFA2D2AF8FBEE /* [CP] Embed Pods Frameworks */ = {
			isa = PBXShellScriptBuildPhase;
			buildActionMask = 2147483647;
			files = (
			);
			inputFileListPaths = (
				"${PODS_ROOT}/Target Support Files/Pods-ToDoListCoreData/Pods-ToDoListCoreData-frameworks-${CONFIGURATION}-input-files.xcfilelist",
			);
			name = "[CP] Embed Pods Frameworks";
			outputFileListPaths = (
				"${PODS_ROOT}/Target Support Files/Pods-ToDoListCoreData/Pods-ToDoListCoreData-frameworks-${CONFIGURATION}-output-files.xcfilelist",
			);
			runOnlyForDeploymentPostprocessing = 0;
			shellPath = /bin/sh;
			shellScript = "\"${PODS_ROOT}/Target Support Files/Pods-ToDoListCoreData/Pods-ToDoListCoreData-frameworks.sh\"\n";
			showEnvVarsInLog = 0;
		};
		E33FC5FFAE88C5B5C00FAD05 /* [CP] Check Pods Manifest.lock */ = {
			isa = PBXShellScriptBuildPhase;
			buildActionMask = 2147483647;
			files = (
			);
			inputFileListPaths = (
			);
			inputPaths = (
				"${PODS_PODFILE_DIR_PATH}/Podfile.lock",
				"${PODS_ROOT}/Manifest.lock",
			);
			name = "[CP] Check Pods Manifest.lock";
			outputFileListPaths = (
			);
			outputPaths = (
				"$(DERIVED_FILE_DIR)/Pods-ToDoListCoreData-checkManifestLockResult.txt",
			);
			runOnlyForDeploymentPostprocessing = 0;
			shellPath = /bin/sh;
			shellScript = "diff \"${PODS_PODFILE_DIR_PATH}/Podfile.lock\" \"${PODS_ROOT}/Manifest.lock\" > /dev/null\nif [ $? != 0 ] ; then\n    # print error to STDERR\n    echo \"error: The sandbox is not in sync with the Podfile.lock. Run 'pod install' or update your CocoaPods installation.\" >&2\n    exit 1\nfi\n# This output is used by Xcode 'outputs' to avoid re-running this script phase.\necho \"SUCCESS\" > \"${SCRIPT_OUTPUT_FILE_0}\"\n";
			showEnvVarsInLog = 0;
		};
/* End PBXShellScriptBuildPhase section */

/* Begin PBXSourcesBuildPhase section */
		B139B89D25F0A87B005EF044 /* Sources */ = {
			isa = PBXSourcesBuildPhase;
			buildActionMask = 2147483647;
			files = (
				B139B8A525F0A87B005EF044 /* AppDelegate.swift in Sources */,
				B17BB026260B064100B12AF4 /* TabBarController.swift in Sources */,
				B139B8AF25F0A87B005EF044 /* ToDoListCoreData.xcdatamodeld in Sources */,
				B1201DB9260F41ED00273F36 /* TableViewCell.swift in Sources */,
				B1EC2FB325F2A003001EC3FE /* OneTaskViewController.swift in Sources */,
				B1EC2FA125F267B9001EC3FE /* User+CoreDataClass.swift in Sources */,
				B1EC2FA225F267B9001EC3FE /* User+CoreDataProperties.swift in Sources */,
				B139B8C325F0AAB3005EF044 /* Model.swift in Sources */,
				B139B8C025F0AA99005EF044 /* TableViewController.swift in Sources */,
				B175374125FF83B700BD2B17 /* FIRFirestoreService.swift in Sources */,
				B102D4202602790400C2A9DA /* AuthViewController.swift in Sources */,
				B1EC2FA325F267B9001EC3FE /* Tasks+CoreDataClass.swift in Sources */,
				B19EBBE52609BA39004E59DD /* Extensions.swift in Sources */,
				B139B8A725F0A87B005EF044 /* SceneDelegate.swift in Sources */,
				B1EC2FA425F267B9001EC3FE /* Tasks+CoreDataProperties.swift in Sources */,
				B175374B25FFA99600BD2B17 /* SettingsViewController.swift in Sources */,
				B102D42326034C0800C2A9DA /* WelcomViewController.swift in Sources */,
				B114CD8E260C7D0D00662D70 /* DesignableView.swift in Sources */,
			);
			runOnlyForDeploymentPostprocessing = 0;
		};
/* End PBXSourcesBuildPhase section */

/* Begin PBXVariantGroup section */
		B139B8AA25F0A87B005EF044 /* Main.storyboard */ = {
			isa = PBXVariantGroup;
			children = (
				B139B8AB25F0A87B005EF044 /* Base */,
			);
			name = Main.storyboard;
			sourceTree = "<group>";
		};
		B139B8B225F0A87D005EF044 /* LaunchScreen.storyboard */ = {
			isa = PBXVariantGroup;
			children = (
				B139B8B325F0A87D005EF044 /* Base */,
			);
			name = LaunchScreen.storyboard;
			sourceTree = "<group>";
		};
/* End PBXVariantGroup section */

/* Begin XCBuildConfiguration section */
		B139B8B625F0A87D005EF044 /* Debug */ = {
			isa = XCBuildConfiguration;
			buildSettings = {
				ALWAYS_SEARCH_USER_PATHS = NO;
				CLANG_ANALYZER_NONNULL = YES;
				CLANG_ANALYZER_NUMBER_OBJECT_CONVERSION = YES_AGGRESSIVE;
				CLANG_CXX_LANGUAGE_STANDARD = "gnu++14";
				CLANG_CXX_LIBRARY = "libc++";
				CLANG_ENABLE_MODULES = YES;
				CLANG_ENABLE_OBJC_ARC = YES;
				CLANG_ENABLE_OBJC_WEAK = YES;
				CLANG_WARN_BLOCK_CAPTURE_AUTORELEASING = YES;
				CLANG_WARN_BOOL_CONVERSION = YES;
				CLANG_WARN_COMMA = YES;
				CLANG_WARN_CONSTANT_CONVERSION = YES;
				CLANG_WARN_DEPRECATED_OBJC_IMPLEMENTATIONS = YES;
				CLANG_WARN_DIRECT_OBJC_ISA_USAGE = YES_ERROR;
				CLANG_WARN_DOCUMENTATION_COMMENTS = YES;
				CLANG_WARN_EMPTY_BODY = YES;
				CLANG_WARN_ENUM_CONVERSION = YES;
				CLANG_WARN_INFINITE_RECURSION = YES;
				CLANG_WARN_INT_CONVERSION = YES;
				CLANG_WARN_NON_LITERAL_NULL_CONVERSION = YES;
				CLANG_WARN_OBJC_IMPLICIT_RETAIN_SELF = YES;
				CLANG_WARN_OBJC_LITERAL_CONVERSION = YES;
				CLANG_WARN_OBJC_ROOT_CLASS = YES_ERROR;
				CLANG_WARN_QUOTED_INCLUDE_IN_FRAMEWORK_HEADER = YES;
				CLANG_WARN_RANGE_LOOP_ANALYSIS = YES;
				CLANG_WARN_STRICT_PROTOTYPES = YES;
				CLANG_WARN_SUSPICIOUS_MOVE = YES;
				CLANG_WARN_UNGUARDED_AVAILABILITY = YES_AGGRESSIVE;
				CLANG_WARN_UNREACHABLE_CODE = YES;
				CLANG_WARN__DUPLICATE_METHOD_MATCH = YES;
				COPY_PHASE_STRIP = NO;
				DEBUG_INFORMATION_FORMAT = dwarf;
				ENABLE_STRICT_OBJC_MSGSEND = YES;
				ENABLE_TESTABILITY = YES;
				GCC_C_LANGUAGE_STANDARD = gnu11;
				GCC_DYNAMIC_NO_PIC = NO;
				GCC_NO_COMMON_BLOCKS = YES;
				GCC_OPTIMIZATION_LEVEL = 0;
				GCC_PREPROCESSOR_DEFINITIONS = (
					"DEBUG=1",
					"$(inherited)",
				);
				GCC_WARN_64_TO_32_BIT_CONVERSION = YES;
				GCC_WARN_ABOUT_RETURN_TYPE = YES_ERROR;
				GCC_WARN_UNDECLARED_SELECTOR = YES;
				GCC_WARN_UNINITIALIZED_AUTOS = YES_AGGRESSIVE;
				GCC_WARN_UNUSED_FUNCTION = YES;
				GCC_WARN_UNUSED_VARIABLE = YES;
				IPHONEOS_DEPLOYMENT_TARGET = 14.4;
				MTL_ENABLE_DEBUG_INFO = INCLUDE_SOURCE;
				MTL_FAST_MATH = YES;
				ONLY_ACTIVE_ARCH = YES;
				SDKROOT = iphoneos;
				SWIFT_ACTIVE_COMPILATION_CONDITIONS = DEBUG;
				SWIFT_OPTIMIZATION_LEVEL = "-Onone";
			};
			name = Debug;
		};
		B139B8B725F0A87D005EF044 /* Release */ = {
			isa = XCBuildConfiguration;
			buildSettings = {
				ALWAYS_SEARCH_USER_PATHS = NO;
				CLANG_ANALYZER_NONNULL = YES;
				CLANG_ANALYZER_NUMBER_OBJECT_CONVERSION = YES_AGGRESSIVE;
				CLANG_CXX_LANGUAGE_STANDARD = "gnu++14";
				CLANG_CXX_LIBRARY = "libc++";
				CLANG_ENABLE_MODULES = YES;
				CLANG_ENABLE_OBJC_ARC = YES;
				CLANG_ENABLE_OBJC_WEAK = YES;
				CLANG_WARN_BLOCK_CAPTURE_AUTORELEASING = YES;
				CLANG_WARN_BOOL_CONVERSION = YES;
				CLANG_WARN_COMMA = YES;
				CLANG_WARN_CONSTANT_CONVERSION = YES;
				CLANG_WARN_DEPRECATED_OBJC_IMPLEMENTATIONS = YES;
				CLANG_WARN_DIRECT_OBJC_ISA_USAGE = YES_ERROR;
				CLANG_WARN_DOCUMENTATION_COMMENTS = YES;
				CLANG_WARN_EMPTY_BODY = YES;
				CLANG_WARN_ENUM_CONVERSION = YES;
				CLANG_WARN_INFINITE_RECURSION = YES;
				CLANG_WARN_INT_CONVERSION = YES;
				CLANG_WARN_NON_LITERAL_NULL_CONVERSION = YES;
				CLANG_WARN_OBJC_IMPLICIT_RETAIN_SELF = YES;
				CLANG_WARN_OBJC_LITERAL_CONVERSION = YES;
				CLANG_WARN_OBJC_ROOT_CLASS = YES_ERROR;
				CLANG_WARN_QUOTED_INCLUDE_IN_FRAMEWORK_HEADER = YES;
				CLANG_WARN_RANGE_LOOP_ANALYSIS = YES;
				CLANG_WARN_STRICT_PROTOTYPES = YES;
				CLANG_WARN_SUSPICIOUS_MOVE = YES;
				CLANG_WARN_UNGUARDED_AVAILABILITY = YES_AGGRESSIVE;
				CLANG_WARN_UNREACHABLE_CODE = YES;
				CLANG_WARN__DUPLICATE_METHOD_MATCH = YES;
				COPY_PHASE_STRIP = NO;
				DEBUG_INFORMATION_FORMAT = "dwarf-with-dsym";
				ENABLE_NS_ASSERTIONS = NO;
				ENABLE_STRICT_OBJC_MSGSEND = YES;
				GCC_C_LANGUAGE_STANDARD = gnu11;
				GCC_NO_COMMON_BLOCKS = YES;
				GCC_WARN_64_TO_32_BIT_CONVERSION = YES;
				GCC_WARN_ABOUT_RETURN_TYPE = YES_ERROR;
				GCC_WARN_UNDECLARED_SELECTOR = YES;
				GCC_WARN_UNINITIALIZED_AUTOS = YES_AGGRESSIVE;
				GCC_WARN_UNUSED_FUNCTION = YES;
				GCC_WARN_UNUSED_VARIABLE = YES;
				IPHONEOS_DEPLOYMENT_TARGET = 14.4;
				MTL_ENABLE_DEBUG_INFO = NO;
				MTL_FAST_MATH = YES;
				SDKROOT = iphoneos;
				SWIFT_COMPILATION_MODE = wholemodule;
				SWIFT_OPTIMIZATION_LEVEL = "-O";
				VALIDATE_PRODUCT = YES;
			};
			name = Release;
		};
		B139B8B925F0A87D005EF044 /* Debug */ = {
			isa = XCBuildConfiguration;
			baseConfigurationReference = C14E2DBD8AC2D28F3D057176 /* Pods-ToDoListCoreData.debug.xcconfig */;
			buildSettings = {
				ASSETCATALOG_COMPILER_APPICON_NAME = AppIcon;
				ASSETCATALOG_COMPILER_GLOBAL_ACCENT_COLOR_NAME = AccentColor;
				CODE_SIGN_STYLE = Automatic;
				DEVELOPMENT_TEAM = 84X6Z39R5X;
				INFOPLIST_FILE = ToDoListCoreData/Info.plist;
				LD_RUNPATH_SEARCH_PATHS = (
					"$(inherited)",
					"@executable_path/Frameworks",
				);
				PRODUCT_BUNDLE_IDENTIFIER = ICSOFT.ToDoListCoreData;
				PRODUCT_NAME = "$(TARGET_NAME)";
				SWIFT_VERSION = 5.0;
				TARGETED_DEVICE_FAMILY = "1,2";
			};
			name = Debug;
		};
		B139B8BA25F0A87D005EF044 /* Release */ = {
			isa = XCBuildConfiguration;
			baseConfigurationReference = 50308018CC700A123462F4C1 /* Pods-ToDoListCoreData.release.xcconfig */;
			buildSettings = {
				ASSETCATALOG_COMPILER_APPICON_NAME = AppIcon;
				ASSETCATALOG_COMPILER_GLOBAL_ACCENT_COLOR_NAME = AccentColor;
				CODE_SIGN_STYLE = Automatic;
				DEVELOPMENT_TEAM = 84X6Z39R5X;
				INFOPLIST_FILE = ToDoListCoreData/Info.plist;
				LD_RUNPATH_SEARCH_PATHS = (
					"$(inherited)",
					"@executable_path/Frameworks",
				);
				PRODUCT_BUNDLE_IDENTIFIER = ICSOFT.ToDoListCoreData;
				PRODUCT_NAME = "$(TARGET_NAME)";
				SWIFT_VERSION = 5.0;
				TARGETED_DEVICE_FAMILY = "1,2";
			};
			name = Release;
		};
/* End XCBuildConfiguration section */

/* Begin XCConfigurationList section */
		B139B89C25F0A87B005EF044 /* Build configuration list for PBXProject "ToDoListCoreData" */ = {
			isa = XCConfigurationList;
			buildConfigurations = (
				B139B8B625F0A87D005EF044 /* Debug */,
				B139B8B725F0A87D005EF044 /* Release */,
			);
			defaultConfigurationIsVisible = 0;
			defaultConfigurationName = Release;
		};
		B139B8B825F0A87D005EF044 /* Build configuration list for PBXNativeTarget "ToDoListCoreData" */ = {
			isa = XCConfigurationList;
			buildConfigurations = (
				B139B8B925F0A87D005EF044 /* Debug */,
				B139B8BA25F0A87D005EF044 /* Release */,
			);
			defaultConfigurationIsVisible = 0;
			defaultConfigurationName = Release;
		};
/* End XCConfigurationList section */

/* Begin XCVersionGroup section */
		B139B8AD25F0A87B005EF044 /* ToDoListCoreData.xcdatamodeld */ = {
			isa = XCVersionGroup;
			children = (
				B139B8AE25F0A87B005EF044 /* ToDoListCoreData.xcdatamodel */,
			);
			currentVersion = B139B8AE25F0A87B005EF044 /* ToDoListCoreData.xcdatamodel */;
			path = ToDoListCoreData.xcdatamodeld;
			sourceTree = "<group>";
			versionGroupType = wrapper.xcdatamodel;
		};
/* End XCVersionGroup section */
	};
	rootObject = B139B89925F0A87B005EF044 /* Project object */;
}
